<?xml version="1.0" encoding="utf-8"?>
<Project ToolsVersion="4.0" xmlns="http://schemas.microsoft.com/developer/msbuild/2003">
  <ItemGroup>
    <ClCompile Include="Asteroid Wars.cpp" />
    <ClCompile Include="Bullet.cpp" />
    <ClCompile Include="Explosion.cpp" />
    <ClCompile Include="ExplosionController.cpp" />
    <ClCompile Include="FactoryShip.cpp" />
    <ClCompile Include="Hud.cpp" />
    <ClCompile Include="InterceptorMissile.cpp" />
    <ClCompile Include="Obstacle.cpp" />
    <ClCompile Include="Player.cpp" />
    <ClCompile Include="Predator.cpp" />
    <ClCompile Include="stdafx.cpp" />
    <ClCompile Include="SwarmBoid.cpp" />
    <ClCompile Include="vCamera.cpp" />
  </ItemGroup>
  <ItemGroup>
<<<<<<< HEAD
    <ClInclude Include="Bullet.h" />
    <ClInclude Include="Explosion.h" />
    <ClInclude Include="ExplosionController.h" />
    <ClInclude Include="FactoryShip.hpp" />
    <ClInclude Include="Hud.h" />
    <ClInclude Include="InterceptorMissile.h" />
    <ClInclude Include="Obstacle.h" />
    <ClInclude Include="Player.h" />
    <ClInclude Include="Predator.hpp" />
    <ClInclude Include="stdafx.h" />
    <ClInclude Include="SwarmBoid.h" />
    <ClInclude Include="targetver.h" />
    <ClInclude Include="vCamera.hpp" />
  </ItemGroup>
  <ItemGroup>
    <Text Include="ReadMe.txt" />
=======
    <Text Include="ReadMe.txt" />
  </ItemGroup>
  <ItemGroup>
    <ClInclude Include="stdafx.h">
      <Filter>Header Files</Filter>
    </ClInclude>
    <ClInclude Include="targetver.h">
      <Filter>Header Files</Filter>
    </ClInclude>
    <ClInclude Include="Player.h">
      <Filter>Header Files</Filter>
    </ClInclude>
    <ClInclude Include="SwarmBoid.h">
      <Filter>Header Files</Filter>
    </ClInclude>
    <ClInclude Include="Hud.h">
      <Filter>Header Files</Filter>
    </ClInclude>
    <ClInclude Include="vCamera.hpp">
      <Filter>Header Files</Filter>
    </ClInclude>
    <ClInclude Include="FactoryShip.hpp">
      <Filter>Header Files</Filter>
    </ClInclude>
    <ClInclude Include="InterceptorMissile.h">
      <Filter>Header Files</Filter>
    </ClInclude>
    <ClInclude Include="Bullet.h">
      <Filter>Header Files</Filter>
    </ClInclude>
    <ClInclude Include="Obstacle.h">
      <Filter>Header Files</Filter>
    </ClInclude>
	<ClInclude Include="Explosion.h">
	  <Filter>Header Files</Filter>
	</ClInclude>
	<ClInclude Include="ExplosionController.h">
	  <Filter>Header Files</Filter>
	</ClInclude>
  </ItemGroup>
  <ItemGroup>
    <ClCompile Include="stdafx.cpp">
      <Filter>Source Files</Filter>
    </ClCompile>
    <ClCompile Include="Asteroid Wars.cpp">
      <Filter>Source Files</Filter>
    </ClCompile>
    <ClCompile Include="Player.cpp">
      <Filter>Source Files</Filter>
    </ClCompile>
    <ClCompile Include="SwarmBoid.cpp">
      <Filter>Source Files</Filter>
    </ClCompile>
    <ClCompile Include="Hud.cpp">
      <Filter>Source Files</Filter>
    </ClCompile>
    <ClCompile Include="vCamera.cpp">
      <Filter>Source Files</Filter>
    </ClCompile>
    <ClCompile Include="FactoryShip.cpp">
      <Filter>Source Files</Filter>
    </ClCompile>
    <ClCompile Include="InterceptorMissile.cpp">
      <Filter>Source Files</Filter>
    </ClCompile>
    <ClCompile Include="Bullet.cpp">
      <Filter>Source Files</Filter>
    </ClCompile>
    <ClCompile Include="Obstacle.cpp">
      <Filter>Source Files</Filter>
    </ClCompile>
	<ClCompile Include="Explosion.cpp">
	  <Filter>Source Files</Filter>
	</ClCompile>
	<ClCompile Include="ExplosionController.cpp">
	  <Filter>Source Files</Filter>
	</ClCompile>
>>>>>>> 6c41bd232ad772e3f6ff3d6e3c3e30c4a0b73c1e
  </ItemGroup>
</Project>